// !$*UTF8*$!
{
	archiveVersion = 1;
	classes = {
	};
	objectVersion = 46;
	objects = {

/* Begin PBXBuildFile section */
		59038E921B4A74650004C1B5 /* main.m in Sources */ = {isa = PBXBuildFile; fileRef = 59038E911B4A74650004C1B5 /* main.m */; };
		59038E951B4A74650004C1B5 /* AppDelegate.m in Sources */ = {isa = PBXBuildFile; fileRef = 59038E941B4A74650004C1B5 /* AppDelegate.m */; };
		59038E981B4A74650004C1B5 /* ViewController.m in Sources */ = {isa = PBXBuildFile; fileRef = 59038E971B4A74650004C1B5 /* ViewController.m */; };
		59038E9B1B4A74650004C1B5 /* Main.storyboard in Resources */ = {isa = PBXBuildFile; fileRef = 59038E991B4A74650004C1B5 /* Main.storyboard */; };
		59038E9D1B4A74650004C1B5 /* Assets.xcassets in Resources */ = {isa = PBXBuildFile; fileRef = 59038E9C1B4A74650004C1B5 /* Assets.xcassets */; };
		59038EA91B4A75E40004C1B5 /* SNBluetooth.m in Sources */ = {isa = PBXBuildFile; fileRef = 59038EA81B4A75E40004C1B5 /* SNBluetooth.m */; };
		59038EAC1B4A85240004C1B5 /* MsgViewController.m in Sources */ = {isa = PBXBuildFile; fileRef = 59038EAB1B4A85240004C1B5 /* MsgViewController.m */; };
/* End PBXBuildFile section */

/* Begin PBXFileReference section */
		59038E8D1B4A74650004C1B5 /* 蓝牙客户端.app */ = {isa = PBXFileReference; explicitFileType = wrapper.application; includeInIndex = 0; path = "蓝牙客户端.app"; sourceTree = BUILT_PRODUCTS_DIR; };
		59038E911B4A74650004C1B5 /* main.m */ = {isa = PBXFileReference; lastKnownFileType = sourcecode.c.objc; path = main.m; sourceTree = "<group>"; };
		59038E931B4A74650004C1B5 /* AppDelegate.h */ = {isa = PBXFileReference; lastKnownFileType = sourcecode.c.h; path = AppDelegate.h; sourceTree = "<group>"; };
		59038E941B4A74650004C1B5 /* AppDelegate.m */ = {isa = PBXFileReference; lastKnownFileType = sourcecode.c.objc; path = AppDelegate.m; sourceTree = "<group>"; };
		59038E961B4A74650004C1B5 /* ViewController.h */ = {isa = PBXFileReference; lastKnownFileType = sourcecode.c.h; path = ViewController.h; sourceTree = "<group>"; };
		59038E971B4A74650004C1B5 /* ViewController.m */ = {isa = PBXFileReference; lastKnownFileType = sourcecode.c.objc; path = ViewController.m; sourceTree = "<group>"; };
		59038E9A1B4A74650004C1B5 /* Base */ = {isa = PBXFileReference; lastKnownFileType = file.storyboard; name = Base; path = Base.lproj/Main.storyboard; sourceTree = "<group>"; };
		59038E9C1B4A74650004C1B5 /* Assets.xcassets */ = {isa = PBXFileReference; lastKnownFileType = folder.assetcatalog; path = Assets.xcassets; sourceTree = "<group>"; };
		59038EA11B4A74650004C1B5 /* Info.plist */ = {isa = PBXFileReference; lastKnownFileType = text.plist.xml; path = Info.plist; sourceTree = "<group>"; };
		59038EA71B4A75E40004C1B5 /* SNBluetooth.h */ = {isa = PBXFileReference; fileEncoding = 4; lastKnownFileType = sourcecode.c.h; path = SNBluetooth.h; sourceTree = "<group>"; };
		59038EA81B4A75E40004C1B5 /* SNBluetooth.m */ = {isa = PBXFileReference; fileEncoding = 4; lastKnownFileType = sourcecode.c.objc; path = SNBluetooth.m; sourceTree = "<group>"; };
		59038EAA1B4A85240004C1B5 /* MsgViewController.h */ = {isa = PBXFileReference; fileEncoding = 4; lastKnownFileType = sourcecode.c.h; path = MsgViewController.h; sourceTree = "<group>"; };
		59038EAB1B4A85240004C1B5 /* MsgViewController.m */ = {isa = PBXFileReference; fileEncoding = 4; lastKnownFileType = sourcecode.c.objc; path = MsgViewController.m; sourceTree = "<group>"; };
/* End PBXFileReference section */

/* Begin PBXFrameworksBuildPhase section */
		59038E8A1B4A74650004C1B5 /* Frameworks */ = {
			isa = PBXFrameworksBuildPhase;
			buildActionMask = 2147483647;
			files = (
			);
			runOnlyForDeploymentPostprocessing = 0;
		};
/* End PBXFrameworksBuildPhase section */

/* Begin PBXGroup section */
		59038E841B4A74650004C1B5 = {
			isa = PBXGroup;
			children = (
				59038E8F1B4A74650004C1B5 /* 蓝牙客户端 */,
				59038E8E1B4A74650004C1B5 /* Products */,
			);
			sourceTree = "<group>";
		};
		59038E8E1B4A74650004C1B5 /* Products */ = {
			isa = PBXGroup;
			children = (
				59038E8D1B4A74650004C1B5 /* 蓝牙客户端.app */,
			);
			name = Products;
			sourceTree = "<group>";
		};
		59038E8F1B4A74650004C1B5 /* 蓝牙客户端 */ = {
			isa = PBXGroup;
			children = (
				59038EA71B4A75E40004C1B5 /* SNBluetooth.h */,
				59038EA81B4A75E40004C1B5 /* SNBluetooth.m */,
				59038E931B4A74650004C1B5 /* AppDelegate.h */,
				59038E941B4A74650004C1B5 /* AppDelegate.m */,
				59038E961B4A74650004C1B5 /* ViewController.h */,
				59038E971B4A74650004C1B5 /* ViewController.m */,
				59038EAA1B4A85240004C1B5 /* MsgViewController.h */,
				59038EAB1B4A85240004C1B5 /* MsgViewController.m */,
				59038E991B4A74650004C1B5 /* Main.storyboard */,
				59038E9C1B4A74650004C1B5 /* Assets.xcassets */,
				59038EA11B4A74650004C1B5 /* Info.plist */,
				59038E901B4A74650004C1B5 /* Supporting Files */,
			);
			path = "蓝牙客户端";
			sourceTree = "<group>";
		};
		59038E901B4A74650004C1B5 /* Supporting Files */ = {
			isa = PBXGroup;
			children = (
				59038E911B4A74650004C1B5 /* main.m */,
			);
			name = "Supporting Files";
			sourceTree = "<group>";
		};
/* End PBXGroup section */

/* Begin PBXNativeTarget section */
		59038E8C1B4A74650004C1B5 /* 蓝牙客户端 */ = {
			isa = PBXNativeTarget;
			buildConfigurationList = 59038EA41B4A74650004C1B5 /* Build configuration list for PBXNativeTarget "蓝牙客户端" */;
			buildPhases = (
				59038E891B4A74650004C1B5 /* Sources */,
				59038E8A1B4A74650004C1B5 /* Frameworks */,
				59038E8B1B4A74650004C1B5 /* Resources */,
			);
			buildRules = (
			);
			dependencies = (
			);
			name = "蓝牙客户端";
			productName = "蓝牙客户端";
			productReference = 59038E8D1B4A74650004C1B5 /* 蓝牙客户端.app */;
			productType = "com.apple.product-type.application";
		};
/* End PBXNativeTarget section */

/* Begin PBXProject section */
		59038E851B4A74650004C1B5 /* Project object */ = {
			isa = PBXProject;
			attributes = {
				LastUpgradeCheck = 0700;
				ORGANIZATIONNAME = sam;
				TargetAttributes = {
					59038E8C1B4A74650004C1B5 = {
						CreatedOnToolsVersion = 7.0;
						DevelopmentTeam = YVLZ6AJ8Y7;
					};
				};
			};
			buildConfigurationList = 59038E881B4A74650004C1B5 /* Build configuration list for PBXProject "蓝牙客户端" */;
			compatibilityVersion = "Xcode 3.2";
			developmentRegion = English;
			hasScannedForEncodings = 0;
			knownRegions = (
				en,
				Base,
			);
			mainGroup = 59038E841B4A74650004C1B5;
			productRefGroup = 59038E8E1B4A74650004C1B5 /* Products */;
			projectDirPath = "";
			projectRoot = "";
			targets = (
				59038E8C1B4A74650004C1B5 /* 蓝牙客户端 */,
			);
		};
/* End PBXProject section */

/* Begin PBXResourcesBuildPhase section */
		59038E8B1B4A74650004C1B5 /* Resources */ = {
			isa = PBXResourcesBuildPhase;
			buildActionMask = 2147483647;
			files = (
				59038E9D1B4A74650004C1B5 /* Assets.xcassets in Resources */,
				59038E9B1B4A74650004C1B5 /* Main.storyboard in Resources */,
			);
			runOnlyForDeploymentPostprocessing = 0;
		};
/* End PBXResourcesBuildPhase section */

/* Begin PBXSourcesBuildPhase section */
		59038E891B4A74650004C1B5 /* Sources */ = {
			isa = PBXSourcesBuildPhase;
			buildActionMask = 2147483647;
			files = (
				59038E981B4A74650004C1B5 /* ViewController.m in Sources */,
				59038E951B4A74650004C1B5 /* AppDelegate.m in Sources */,
				59038E921B4A74650004C1B5 /* main.m in Sources */,
				59038EAC1B4A85240004C1B5 /* MsgViewController.m in Sources */,
				59038EA91B4A75E40004C1B5 /* SNBluetooth.m in Sources */,
			);
			runOnlyForDeploymentPostprocessing = 0;
		};
/* End PBXSourcesBuildPhase section */

/* Begin PBXVariantGroup section */
		59038E991B4A74650004C1B5 /* Main.storyboard */ = {
			isa = PBXVariantGroup;
			children = (
				59038E9A1B4A74650004C1B5 /* Base */,
			);
			name = Main.storyboard;
			sourceTree = "<group>";
		};
/* End PBXVariantGroup section */

/* Begin XCBuildConfiguration section */
		59038EA21B4A74650004C1B5 /* Debug */ = {
			isa = XCBuildConfiguration;
			buildSettings = {
				ALWAYS_SEARCH_USER_PATHS = NO;
				CLANG_CXX_LANGUAGE_STANDARD = "gnu++0x";
				CLANG_CXX_LIBRARY = "libc++";
				CLANG_ENABLE_MODULES = YES;
				CLANG_ENABLE_OBJC_ARC = YES;
				CLANG_WARN_BOOL_CONVERSION = YES;
				CLANG_WARN_CONSTANT_CONVERSION = YES;
				CLANG_WARN_DIRECT_OBJC_ISA_USAGE = YES_ERROR;
				CLANG_WARN_EMPTY_BODY = YES;
				CLANG_WARN_ENUM_CONVERSION = YES;
				CLANG_WARN_INT_CONVERSION = YES;
				CLANG_WARN_OBJC_ROOT_CLASS = YES_ERROR;
				CLANG_WARN_UNREACHABLE_CODE = YES;
				CLANG_WARN__DUPLICATE_METHOD_MATCH = YES;
				"CODE_SIGN_IDENTITY[sdk=iphoneos*]" = "iPhone Developer";
				COPY_PHASE_STRIP = NO;
				DEBUG_INFORMATION_FORMAT = dwarf;
				ENABLE_STRICT_OBJC_MSGSEND = YES;
				ENABLE_TESTABILITY = YES;
				GCC_C_LANGUAGE_STANDARD = gnu99;
				GCC_DYNAMIC_NO_PIC = NO;
				GCC_NO_COMMON_BLOCKS = YES;
				GCC_OPTIMIZATION_LEVEL = 0;
				GCC_PREPROCESSOR_DEFINITIONS = (
					"DEBUG=1",
					"$(inherited)",
				);
				GCC_WARN_64_TO_32_BIT_CONVERSION = YES;
				GCC_WARN_ABOUT_RETURN_TYPE = YES_ERROR;
				GCC_WARN_UNDECLARED_SELECTOR = YES;
				GCC_WARN_UNINITIALIZED_AUTOS = YES_AGGRESSIVE;
				GCC_WARN_UNUSED_FUNCTION = YES;
				GCC_WARN_UNUSED_VARIABLE = YES;
				IPHONEOS_DEPLOYMENT_TARGET = 9.0;
				MTL_ENABLE_DEBUG_INFO = YES;
				ONLY_ACTIVE_ARCH = YES;
				SDKROOT = iphoneos;
			};
			name = Debug;
		};
		59038EA31B4A74650004C1B5 /* Release */ = {
			isa = XCBuildConfiguration;
			buildSettings = {
				ALWAYS_SEARCH_USER_PATHS = NO;
				CLANG_CXX_LANGUAGE_STANDARD = "gnu++0x";
				CLANG_CXX_LIBRARY = "libc++";
				CLANG_ENABLE_MODULES = YES;
				CLANG_ENABLE_OBJC_ARC = YES;
				CLANG_WARN_BOOL_CONVERSION = YES;
				CLANG_WARN_CONSTANT_CONVERSION = YES;
				CLANG_WARN_DIRECT_OBJC_ISA_USAGE = YES_ERROR;
				CLANG_WARN_EMPTY_BODY = YES;
				CLANG_WARN_ENUM_CONVERSION = YES;
				CLANG_WARN_INT_CONVERSION = YES;
				CLANG_WARN_OBJC_ROOT_CLASS = YES_ERROR;
				CLANG_WARN_UNREACHABLE_CODE = YES;
				CLANG_WARN__DUPLICATE_METHOD_MATCH = YES;
				"CODE_SIGN_IDENTITY[sdk=iphoneos*]" = "iPhone Developer";
				COPY_PHASE_STRIP = NO;
				DEBUG_INFORMATION_FORMAT = "dwarf-with-dsym";
				ENABLE_NS_ASSERTIONS = NO;
				ENABLE_STRICT_OBJC_MSGSEND = YES;
				GCC_C_LANGUAGE_STANDARD = gnu99;
				GCC_NO_COMMON_BLOCKS = YES;
				GCC_WARN_64_TO_32_BIT_CONVERSION = YES;
				GCC_WARN_ABOUT_RETURN_TYPE = YES_ERROR;
				GCC_WARN_UNDECLARED_SELECTOR = YES;
				GCC_WARN_UNINITIALIZED_AUTOS = YES_AGGRESSIVE;
				GCC_WARN_UNUSED_FUNCTION = YES;
				GCC_WARN_UNUSED_VARIABLE = YES;
				IPHONEOS_DEPLOYMENT_TARGET = 9.0;
				MTL_ENABLE_DEBUG_INFO = NO;
				SDKROOT = iphoneos;
				VALIDATE_PRODUCT = YES;
			};
			name = Release;
		};
		59038EA51B4A74650004C1B5 /* Debug */ = {
			isa = XCBuildConfiguration;
			buildSettings = {
				ASSETCATALOG_COMPILER_APPICON_NAME = AppIcon;
				CODE_SIGN_IDENTITY = "iPhone Developer";
				"CODE_SIGN_IDENTITY[sdk=iphoneos*]" = "iPhone Developer";
				INFOPLIST_FILE = "蓝牙客户端/Info.plist";
				IPHONEOS_DEPLOYMENT_TARGET = 7.0;
				LD_RUNPATH_SEARCH_PATHS = "$(inherited) @executable_path/Frameworks";
				PRODUCT_BUNDLE_IDENTIFIER = work.client;
				PRODUCT_NAME = "$(TARGET_NAME)";
				PROVISIONING_PROFILE = "";
			};
			name = Debug;
		};
		59038EA61B4A74650004C1B5 /* Release */ = {
			isa = XCBuildConfiguration;
			buildSettings = {
				ASSETCATALOG_COMPILER_APPICON_NAME = AppIcon;
				CODE_SIGN_IDENTITY = "iPhone Developer";
				"CODE_SIGN_IDENTITY[sdk=iphoneos*]" = "iPhone Developer";
				INFOPLIST_FILE = "蓝牙客户端/Info.plist";
				IPHONEOS_DEPLOYMENT_TARGET = 7.0;
				LD_RUNPATH_SEARCH_PATHS = "$(inherited) @executable_path/Frameworks";
				PRODUCT_BUNDLE_IDENTIFIER = work.client;
				PRODUCT_NAME = "$(TARGET_NAME)";
				PROVISIONING_PROFILE = "";
			};
			name = Release;
		};
/* End XCBuildConfiguration section */

/* Begin XCConfigurationList section */
		59038E881B4A74650004C1B5 /* Build configuration list for PBXProject "蓝牙客户端" */ = {
			isa = XCConfigurationList;
			buildConfigurations = (
				59038EA21B4A74650004C1B5 /* Debug */,
				59038EA31B4A74650004C1B5 /* Release */,
			);
			defaultConfigurationIsVisible = 0;
			defaultConfigurationName = Release;
		};
		59038EA41B4A74650004C1B5 /* Build configuration list for PBXNativeTarget "蓝牙客户端" */ = {
			isa = XCConfigurationList;
			buildConfigurations = (
				59038EA51B4A74650004C1B5 /* Debug */,
				59038EA61B4A74650004C1B5 /* Release */,
			);
			defaultConfigurationIsVisible = 0;
			defaultConfigurationName = Release;
		};
/* End XCConfigurationList section */
	};
	rootObject = 59038E851B4A74650004C1B5 /* Project object */;
}
